
Microsoft Visual Studio Solution File, Format Version 12.00
# Visual Studio 15
VisualStudioVersion = 15.0.28307.572
MinimumVisualStudioVersion = 10.0.40219.1
Project("{FAE04EC0-301F-11D3-BF4B-00C04F79EFBC}") = "DirectPrint", "DirectPrint.csproj", "{A6E6C20D-8355-4823-A811-7CB3E51BDAFC}"
EndProject
Global
	GlobalSection(SolutionConfigurationPlatforms) = preSolution
		Debug|Any CPU = Debug|Any CPU
		Release|Any CPU = Release|Any CPU
	EndGlobalSection
	GlobalSection(ProjectConfigurationPlatforms) = postSolution
		{A6E6C20D-8355-4823-A811-7CB3E51BDAFC}.Debug|Any CPU.ActiveCfg = Debug|Any CPU
		{A6E6C20D-8355-4823-A811-7CB3E51BDAFC}.Debug|Any CPU.Build.0 = Debug|Any CPU
		{A6E6C20D-8355-4823-A811-7CB3E51BDAFC}.Release|Any CPU.ActiveCfg = Release|Any CPU
		{A6E6C20D-8355-4823-A811-7CB3E51BDAFC}.Release|Any CPU.Build.0 = Release|Any CPU
	EndGlobalSection
	GlobalSection(SolutionProperties) = preSolution
		HideSolutionNode = FALSE
	EndGlobalSection
	GlobalSection(ExtensibilityGlobals) = postSolution
		SolutionGuid = {BD214F41-2C6B-4287-B402-8A4F9C78C6DF}
	EndGlobalSection
EndGlobal
